{
    "_readme": [
        "This file locks the dependencies of your project to a known state",
        "Read more about it at http://getcomposer.org/doc/01-basic-usage.md#composer-lock-the-lock-file",
        "This file is @generated automatically"
    ],
    "hash": "e108a41a816030d2da8f4f783fdec777",
    "packages": [
        {
            "name": "jolicode/jolitypo",
            "version": "v0.1.3",
            "source": {
                "type": "git",
                "url": "https://github.com/jolicode/JoliTypo.git",
                "reference": "4ecdc0add2ae30f20a9ada12ec88653bd2d15457"
            },
            "dist": {
                "type": "zip",
                "url": "https://api.github.com/repos/jolicode/JoliTypo/zipball/4ecdc0add2ae30f20a9ada12ec88653bd2d15457",
                "reference": "4ecdc0add2ae30f20a9ada12ec88653bd2d15457",
                "shasum": ""
            },
            "require": {
                "ext-mbstring": "*",
                "org_heigl/hyphenator": ">=2.0.3",
                "php": ">=5.3.0"
            },
            "type": "library",
            "extra": {
                "branch-alias": {
                    "dev-master": "0.1.x-dev"
                }
            },
            "autoload": {
                "psr-0": {
                    "JoliTypo": "src/"
                }
            },
            "license": [
                "MIT"
            ],
            "authors": [
                {
                    "name": "Damien Alexandre",
                    "email": "dalexandre@jolicode.com",
                    "homepage": "http://damienalexandre.fr/"
                }
            ],
            "description": "Microtypography fixer for the web.",
            "homepage": "https://github.com/jolicode/JoliTypo",
            "keywords": [
                "ellipsis",
                "fixer",
                "quote",
                "smartquote",
                "typography"
            ],
            "support": {
                "source": "https://github.com/jolicode/JoliTypo/tree/v0.1.3",
                "issues": "https://github.com/jolicode/JoliTypo/issues"
            },
            "time": "2013-11-14 19:25:44"
        },
        {
            "name": "org_heigl/hyphenator",
            "version": "dev-master",
            "source": {
                "type": "git",
                "url": "https://github.com/heiglandreas/Org_Heigl_Hyphenator.git",
                "reference": "968f973df146a1d0ea2a1b2cb2df31e1ee658329"
            },
            "dist": {
                "type": "zip",
                "url": "https://api.github.com/repos/heiglandreas/Org_Heigl_Hyphenator/zipball/968f973df146a1d0ea2a1b2cb2df31e1ee658329",
                "reference": "968f973df146a1d0ea2a1b2cb2df31e1ee658329",
                "shasum": ""
            },
            "require": {
                "php": ">=5.3.0"
            },
            "require-dev": {
                "mockery/mockery": "dev-master"
            },
            "type": "library",
            "autoload": {
                "psr-0": {
                    "Org\\Heigl\\Hyphenator": "src"
                }
            },
            "notification-url": "https://packagist.org/downloads/",
            "license": [
                "MIT"
            ],
            "authors": [
                {
                    "name": "Andreas Heigl",
                    "email": "andreas@heigl.org",
                    "homepage": "http://andreas.heigl.org",
                    "role": "Developer"
                }
            ],
            "description": "Word-Hyphenation for PHP",
            "homepage": "http://github.com/heiglandreas/Org_Heigl_Hyphenator",
            "keywords": [
                "hyphenate",
                "hyphenation"
            ],
            "time": "2014-06-11 14:54:28"
        }
    ],
    "packages-dev": [

    ],
    "aliases": [

    ],
    "minimum-stability": "stable",
    "stability-flags": {
        "org_heigl/hyphenator": 20,
        "jolicode/jolitypo": 20
    },
    "platform": [

    ],
    "platform-dev": [

    ]
}
